
Microsoft Visual Studio Solution File, Format Version 12.00
# Visual Studio Version 17
VisualStudioVersion = 17.5.33424.131
MinimumVisualStudioVersion = 10.0.40219.1
Project("{FAE04EC0-301F-11D3-BF4B-00C04F79EFBC}") = "WindowsFormsApplayGround", "WindowsFormsApplayGround.csproj", "{735CA9B1-A90D-436E-B3B1-1DF7F6033E9D}"
EndProject
Global
	GlobalSection(SolutionConfigurationPlatforms) = preSolution
		Debug|Any CPU = Debug|Any CPU
		Release|Any CPU = Release|Any CPU
	EndGlobalSection
	GlobalSection(ProjectConfigurationPlatforms) = postSolution
		{735CA9B1-A90D-436E-B3B1-1DF7F6033E9D}.Debug|Any CPU.ActiveCfg = Debug|Any CPU
		{735CA9B1-A90D-436E-B3B1-1DF7F6033E9D}.Debug|Any CPU.Build.0 = Debug|Any CPU
		{735CA9B1-A90D-436E-B3B1-1DF7F6033E9D}.Release|Any CPU.ActiveCfg = Release|Any CPU
		{735CA9B1-A90D-436E-B3B1-1DF7F6033E9D}.Release|Any CPU.Build.0 = Release|Any CPU
	EndGlobalSection
	GlobalSection(SolutionProperties) = preSolution
		HideSolutionNode = FALSE
	EndGlobalSection
	GlobalSection(ExtensibilityGlobals) = postSolution
		SolutionGuid = {49CA4FA6-5D2F-4B82-B138-E1CB2204305F}
	EndGlobalSection
EndGlobal
